
Microsoft Visual Studio Solution File, Format Version 12.00
# Visual Studio Version 16
VisualStudioVersion = 16.0.29418.71
MinimumVisualStudioVersion = 10.0.40219.1
Project("{8BC9CEB8-8B4A-11D0-8D11-00A0C91BC942}") = "UP2", "UP2\UP2.vcxproj", "{05047062-3A3E-470A-82FC-103447C32E9C}"
EndProject
Global
	GlobalSection(SolutionConfigurationPlatforms) = preSolution
		Debug|x64 = Debug|x64
		Debug|x86 = Debug|x86
		Release|x64 = Release|x64
		Release|x86 = Release|x86
	EndGlobalSection
	GlobalSection(ProjectConfigurationPlatforms) = postSolution
		{05047062-3A3E-470A-82FC-103447C32E9C}.Debug|x64.ActiveCfg = Debug|x64
		{05047062-3A3E-470A-82FC-103447C32E9C}.Debug|x64.Build.0 = Debug|x64
		{05047062-3A3E-470A-82FC-103447C32E9C}.Debug|x86.ActiveCfg = Debug|Win32
		{05047062-3A3E-470A-82FC-103447C32E9C}.Debug|x86.Build.0 = Debug|Win32
		{05047062-3A3E-470A-82FC-103447C32E9C}.Release|x64.ActiveCfg = Release|x64
		{05047062-3A3E-470A-82FC-103447C32E9C}.Release|x64.Build.0 = Release|x64
		{05047062-3A3E-470A-82FC-103447C32E9C}.Release|x86.ActiveCfg = Release|Win32
		{05047062-3A3E-470A-82FC-103447C32E9C}.Release|x86.Build.0 = Release|Win32
	EndGlobalSection
	GlobalSection(SolutionProperties) = preSolution
		HideSolutionNode = FALSE
	EndGlobalSection
	GlobalSection(ExtensibilityGlobals) = postSolution
		SolutionGuid = {708C60A9-7BA3-4E60-A410-FBEF02AB5C57}
	EndGlobalSection
EndGlobal
